// !$*UTF8*$!
{
	archiveVersion = 1;
	classes = {
	};
	objectVersion = 55;
	objects = {

/* Begin PBXBuildFile section */
		D966429E282AF2C4002F6D6D /* AppDelegate.swift in Sources */ = {isa = PBXBuildFile; fileRef = D966429D282AF2C4002F6D6D /* AppDelegate.swift */; };
		D96642A0282AF2C4002F6D6D /* SceneDelegate.swift in Sources */ = {isa = PBXBuildFile; fileRef = D966429F282AF2C4002F6D6D /* SceneDelegate.swift */; };
		D96642A2282AF2C4002F6D6D /* ViewController.swift in Sources */ = {isa = PBXBuildFile; fileRef = D96642A1282AF2C4002F6D6D /* ViewController.swift */; };
		D96642A7282AF2C6002F6D6D /* Assets.xcassets in Resources */ = {isa = PBXBuildFile; fileRef = D96642A6282AF2C6002F6D6D /* Assets.xcassets */; };
		D96642AA282AF2C6002F6D6D /* LaunchScreen.storyboard in Resources */ = {isa = PBXBuildFile; fileRef = D96642A8282AF2C6002F6D6D /* LaunchScreen.storyboard */; };
		D96642B3282AF635002F6D6D /* NSLayout+Constraints.swift in Sources */ = {isa = PBXBuildFile; fileRef = D96642B2282AF635002F6D6D /* NSLayout+Constraints.swift */; };
		D96642B9282B582C002F6D6D /* WelcomeLabel.xib in Resources */ = {isa = PBXBuildFile; fileRef = D96642B8282B582C002F6D6D /* WelcomeLabel.xib */; };
		D96642BC282B79C9002F6D6D /* WelcomeLabel.swift in Sources */ = {isa = PBXBuildFile; fileRef = D96642BB282B79C9002F6D6D /* WelcomeLabel.swift */; };
/* End PBXBuildFile section */

/* Begin PBXFileReference section */
		D966429A282AF2C4002F6D6D /* Assignment 5.app */ = {isa = PBXFileReference; explicitFileType = wrapper.application; includeInIndex = 0; path = "Assignment 5.app"; sourceTree = BUILT_PRODUCTS_DIR; };
		D966429D282AF2C4002F6D6D /* AppDelegate.swift */ = {isa = PBXFileReference; lastKnownFileType = sourcecode.swift; path = AppDelegate.swift; sourceTree = "<group>"; };
		D966429F282AF2C4002F6D6D /* SceneDelegate.swift */ = {isa = PBXFileReference; lastKnownFileType = sourcecode.swift; path = SceneDelegate.swift; sourceTree = "<group>"; };
		D96642A1282AF2C4002F6D6D /* ViewController.swift */ = {isa = PBXFileReference; lastKnownFileType = sourcecode.swift; path = ViewController.swift; sourceTree = "<group>"; };
		D96642A6282AF2C6002F6D6D /* Assets.xcassets */ = {isa = PBXFileReference; lastKnownFileType = folder.assetcatalog; path = Assets.xcassets; sourceTree = "<group>"; };
		D96642A9282AF2C6002F6D6D /* Base */ = {isa = PBXFileReference; lastKnownFileType = file.storyboard; name = Base; path = Base.lproj/LaunchScreen.storyboard; sourceTree = "<group>"; };
		D96642AB282AF2C6002F6D6D /* Info.plist */ = {isa = PBXFileReference; lastKnownFileType = text.plist.xml; path = Info.plist; sourceTree = "<group>"; };
		D96642B2282AF635002F6D6D /* NSLayout+Constraints.swift */ = {isa = PBXFileReference; lastKnownFileType = sourcecode.swift; path = "NSLayout+Constraints.swift"; sourceTree = "<group>"; };
		D96642B8282B582C002F6D6D /* WelcomeLabel.xib */ = {isa = PBXFileReference; lastKnownFileType = file.xib; path = WelcomeLabel.xib; sourceTree = "<group>"; };
		D96642BB282B79C9002F6D6D /* WelcomeLabel.swift */ = {isa = PBXFileReference; lastKnownFileType = sourcecode.swift; path = WelcomeLabel.swift; sourceTree = "<group>"; };
/* End PBXFileReference section */

/* Begin PBXFrameworksBuildPhase section */
		D9664297282AF2C4002F6D6D /* Frameworks */ = {
			isa = PBXFrameworksBuildPhase;
			buildActionMask = 2147483647;
			files = (
			);
			runOnlyForDeploymentPostprocessing = 0;
		};
/* End PBXFrameworksBuildPhase section */

/* Begin PBXGroup section */
		D9664291282AF2C4002F6D6D = {
			isa = PBXGroup;
			children = (
				D966429C282AF2C4002F6D6D /* Assignment 5 */,
				D966429B282AF2C4002F6D6D /* Products */,
			);
			sourceTree = "<group>";
		};
		D966429B282AF2C4002F6D6D /* Products */ = {
			isa = PBXGroup;
			children = (
				D966429A282AF2C4002F6D6D /* Assignment 5.app */,
			);
			name = Products;
			sourceTree = "<group>";
		};
		D966429C282AF2C4002F6D6D /* Assignment 5 */ = {
			isa = PBXGroup;
			children = (
				D96642B5282AF85E002F6D6D /* Supporting Files */,
				D96642B4282AF804002F6D6D /* View Controllers */,
				D96642B1282AF37E002F6D6D /* Extensions */,
				D96642BA282B5836002F6D6D /* Views */,
				D96642AB282AF2C6002F6D6D /* Info.plist */,
			);
			path = "Assignment 5";
			sourceTree = "<group>";
		};
		D96642B1282AF37E002F6D6D /* Extensions */ = {
			isa = PBXGroup;
			children = (
				D96642B2282AF635002F6D6D /* NSLayout+Constraints.swift */,
			);
			path = Extensions;
			sourceTree = "<group>";
		};
		D96642B4282AF804002F6D6D /* View Controllers */ = {
			isa = PBXGroup;
			children = (
				D96642A1282AF2C4002F6D6D /* ViewController.swift */,
			);
			path = "View Controllers";
			sourceTree = "<group>";
		};
		D96642B5282AF85E002F6D6D /* Supporting Files */ = {
			isa = PBXGroup;
			children = (
				D966429D282AF2C4002F6D6D /* AppDelegate.swift */,
				D96642A8282AF2C6002F6D6D /* LaunchScreen.storyboard */,
				D96642A6282AF2C6002F6D6D /* Assets.xcassets */,
				D966429F282AF2C4002F6D6D /* SceneDelegate.swift */,
			);
			path = "Supporting Files";
			sourceTree = "<group>";
		};
		D96642BA282B5836002F6D6D /* Views */ = {
			isa = PBXGroup;
			children = (
				D96642BB282B79C9002F6D6D /* WelcomeLabel.swift */,
				D96642B8282B582C002F6D6D /* WelcomeLabel.xib */,
			);
			path = Views;
			sourceTree = "<group>";
		};
/* End PBXGroup section */

/* Begin PBXNativeTarget section */
		D9664299282AF2C4002F6D6D /* Assignment 5 */ = {
			isa = PBXNativeTarget;
			buildConfigurationList = D96642AE282AF2C6002F6D6D /* Build configuration list for PBXNativeTarget "Assignment 5" */;
			buildPhases = (
				D9664296282AF2C4002F6D6D /* Sources */,
				D9664297282AF2C4002F6D6D /* Frameworks */,
				D9664298282AF2C4002F6D6D /* Resources */,
			);
			buildRules = (
			);
			dependencies = (
			);
			name = "Assignment 5";
			productName = "Assignment 5";
			productReference = D966429A282AF2C4002F6D6D /* Assignment 5.app */;
			productType = "com.apple.product-type.application";
		};
/* End PBXNativeTarget section */

/* Begin PBXProject section */
		D9664292282AF2C4002F6D6D /* Project object */ = {
			isa = PBXProject;
			attributes = {
				BuildIndependentTargetsInParallel = 1;
				LastSwiftUpdateCheck = 1330;
				LastUpgradeCheck = 1330;
				TargetAttributes = {
					D9664299282AF2C4002F6D6D = {
						CreatedOnToolsVersion = 13.3.1;
					};
				};
			};
			buildConfigurationList = D9664295282AF2C4002F6D6D /* Build configuration list for PBXProject "Assignment 5" */;
			compatibilityVersion = "Xcode 13.0";
			developmentRegion = en;
			hasScannedForEncodings = 0;
			knownRegions = (
				en,
				Base,
			);
			mainGroup = D9664291282AF2C4002F6D6D;
			productRefGroup = D966429B282AF2C4002F6D6D /* Products */;
			projectDirPath = "";
			projectRoot = "";
			targets = (
				D9664299282AF2C4002F6D6D /* Assignment 5 */,
			);
		};
/* End PBXProject section */

/* Begin PBXResourcesBuildPhase section */
		D9664298282AF2C4002F6D6D /* Resources */ = {
			isa = PBXResourcesBuildPhase;
			buildActionMask = 2147483647;
			files = (
				D96642AA282AF2C6002F6D6D /* LaunchScreen.storyboard in Resources */,
				D96642A7282AF2C6002F6D6D /* Assets.xcassets in Resources */,
				D96642B9282B582C002F6D6D /* WelcomeLabel.xib in Resources */,
			);
			runOnlyForDeploymentPostprocessing = 0;
		};
/* End PBXResourcesBuildPhase section */

/* Begin PBXSourcesBuildPhase section */
		D9664296282AF2C4002F6D6D /* Sources */ = {
			isa = PBXSourcesBuildPhase;
			buildActionMask = 2147483647;
			files = (
				D96642BC282B79C9002F6D6D /* WelcomeLabel.swift in Sources */,
				D96642A2282AF2C4002F6D6D /* ViewController.swift in Sources */,
				D966429E282AF2C4002F6D6D /* AppDelegate.swift in Sources */,
				D96642A0282AF2C4002F6D6D /* SceneDelegate.swift in Sources */,
				D96642B3282AF635002F6D6D /* NSLayout+Constraints.swift in Sources */,
			);
			runOnlyForDeploymentPostprocessing = 0;
		};
/* End PBXSourcesBuildPhase section */

/* Begin PBXVariantGroup section */
		D96642A8282AF2C6002F6D6D /* LaunchScreen.storyboard */ = {
			isa = PBXVariantGroup;
			children = (
				D96642A9282AF2C6002F6D6D /* Base */,
			);
			name = LaunchScreen.storyboard;
			sourceTree = "<group>";
		};
/* End PBXVariantGroup section */

/* Begin XCBuildConfiguration section */
		D96642AC282AF2C6002F6D6D /* Debug */ = {
			isa = XCBuildConfiguration;
			buildSettings = {
				ALWAYS_SEARCH_USER_PATHS = NO;
				CLANG_ANALYZER_NONNULL = YES;
				CLANG_ANALYZER_NUMBER_OBJECT_CONVERSION = YES_AGGRESSIVE;
				CLANG_CXX_LANGUAGE_STANDARD = "gnu++17";
				CLANG_ENABLE_MODULES = YES;
				CLANG_ENABLE_OBJC_ARC = YES;
				CLANG_ENABLE_OBJC_WEAK = YES;
				CLANG_WARN_BLOCK_CAPTURE_AUTORELEASING = YES;
				CLANG_WARN_BOOL_CONVERSION = YES;
				CLANG_WARN_COMMA = YES;
				CLANG_WARN_CONSTANT_CONVERSION = YES;
				CLANG_WARN_DEPRECATED_OBJC_IMPLEMENTATIONS = YES;
				CLANG_WARN_DIRECT_OBJC_ISA_USAGE = YES_ERROR;
				CLANG_WARN_DOCUMENTATION_COMMENTS = YES;
				CLANG_WARN_EMPTY_BODY = YES;
				CLANG_WARN_ENUM_CONVERSION = YES;
				CLANG_WARN_INFINITE_RECURSION = YES;
				CLANG_WARN_INT_CONVERSION = YES;
				CLANG_WARN_NON_LITERAL_NULL_CONVERSION = YES;
				CLANG_WARN_OBJC_IMPLICIT_RETAIN_SELF = YES;
				CLANG_WARN_OBJC_LITERAL_CONVERSION = YES;
				CLANG_WARN_OBJC_ROOT_CLASS = YES_ERROR;
				CLANG_WARN_QUOTED_INCLUDE_IN_FRAMEWORK_HEADER = YES;
				CLANG_WARN_RANGE_LOOP_ANALYSIS = YES;
				CLANG_WARN_STRICT_PROTOTYPES = YES;
				CLANG_WARN_SUSPICIOUS_MOVE = YES;
				CLANG_WARN_UNGUARDED_AVAILABILITY = YES_AGGRESSIVE;
				CLANG_WARN_UNREACHABLE_CODE = YES;
				CLANG_WARN__DUPLICATE_METHOD_MATCH = YES;
				COPY_PHASE_STRIP = NO;
				DEBUG_INFORMATION_FORMAT = dwarf;
				ENABLE_STRICT_OBJC_MSGSEND = YES;
				ENABLE_TESTABILITY = YES;
				GCC_C_LANGUAGE_STANDARD = gnu11;
				GCC_DYNAMIC_NO_PIC = NO;
				GCC_NO_COMMON_BLOCKS = YES;
				GCC_OPTIMIZATION_LEVEL = 0;
				GCC_PREPROCESSOR_DEFINITIONS = (
					"DEBUG=1",
					"$(inherited)",
				);
				GCC_WARN_64_TO_32_BIT_CONVERSION = YES;
				GCC_WARN_ABOUT_RETURN_TYPE = YES_ERROR;
				GCC_WARN_UNDECLARED_SELECTOR = YES;
				GCC_WARN_UNINITIALIZED_AUTOS = YES_AGGRESSIVE;
				GCC_WARN_UNUSED_FUNCTION = YES;
				GCC_WARN_UNUSED_VARIABLE = YES;
				IPHONEOS_DEPLOYMENT_TARGET = 15.4;
				MTL_ENABLE_DEBUG_INFO = INCLUDE_SOURCE;
				MTL_FAST_MATH = YES;
				ONLY_ACTIVE_ARCH = YES;
				SDKROOT = iphoneos;
				SWIFT_ACTIVE_COMPILATION_CONDITIONS = DEBUG;
				SWIFT_OPTIMIZATION_LEVEL = "-Onone";
			};
			name = Debug;
		};
		D96642AD282AF2C6002F6D6D /* Release */ = {
			isa = XCBuildConfiguration;
			buildSettings = {
				ALWAYS_SEARCH_USER_PATHS = NO;
				CLANG_ANALYZER_NONNULL = YES;
				CLANG_ANALYZER_NUMBER_OBJECT_CONVERSION = YES_AGGRESSIVE;
				CLANG_CXX_LANGUAGE_STANDARD = "gnu++17";
				CLANG_ENABLE_MODULES = YES;
				CLANG_ENABLE_OBJC_ARC = YES;
				CLANG_ENABLE_OBJC_WEAK = YES;
				CLANG_WARN_BLOCK_CAPTURE_AUTORELEASING = YES;
				CLANG_WARN_BOOL_CONVERSION = YES;
				CLANG_WARN_COMMA = YES;
				CLANG_WARN_CONSTANT_CONVERSION = YES;
				CLANG_WARN_DEPRECATED_OBJC_IMPLEMENTATIONS = YES;
				CLANG_WARN_DIRECT_OBJC_ISA_USAGE = YES_ERROR;
				CLANG_WARN_DOCUMENTATION_COMMENTS = YES;
				CLANG_WARN_EMPTY_BODY = YES;
				CLANG_WARN_ENUM_CONVERSION = YES;
				CLANG_WARN_INFINITE_RECURSION = YES;
				CLANG_WARN_INT_CONVERSION = YES;
				CLANG_WARN_NON_LITERAL_NULL_CONVERSION = YES;
				CLANG_WARN_OBJC_IMPLICIT_RETAIN_SELF = YES;
				CLANG_WARN_OBJC_LITERAL_CONVERSION = YES;
				CLANG_WARN_OBJC_ROOT_CLASS = YES_ERROR;
				CLANG_WARN_QUOTED_INCLUDE_IN_FRAMEWORK_HEADER = YES;
				CLANG_WARN_RANGE_LOOP_ANALYSIS = YES;
				CLANG_WARN_STRICT_PROTOTYPES = YES;
				CLANG_WARN_SUSPICIOUS_MOVE = YES;
				CLANG_WARN_UNGUARDED_AVAILABILITY = YES_AGGRESSIVE;
				CLANG_WARN_UNREACHABLE_CODE = YES;
				CLANG_WARN__DUPLICATE_METHOD_MATCH = YES;
				COPY_PHASE_STRIP = NO;
				DEBUG_INFORMATION_FORMAT = "dwarf-with-dsym";
				ENABLE_NS_ASSERTIONS = NO;
				ENABLE_STRICT_OBJC_MSGSEND = YES;
				GCC_C_LANGUAGE_STANDARD = gnu11;
				GCC_NO_COMMON_BLOCKS = YES;
				GCC_WARN_64_TO_32_BIT_CONVERSION = YES;
				GCC_WARN_ABOUT_RETURN_TYPE = YES_ERROR;
				GCC_WARN_UNDECLARED_SELECTOR = YES;
				GCC_WARN_UNINITIALIZED_AUTOS = YES_AGGRESSIVE;
				GCC_WARN_UNUSED_FUNCTION = YES;
				GCC_WARN_UNUSED_VARIABLE = YES;
				IPHONEOS_DEPLOYMENT_TARGET = 15.4;
				MTL_ENABLE_DEBUG_INFO = NO;
				MTL_FAST_MATH = YES;
				SDKROOT = iphoneos;
				SWIFT_COMPILATION_MODE = wholemodule;
				SWIFT_OPTIMIZATION_LEVEL = "-O";
				VALIDATE_PRODUCT = YES;
			};
			name = Release;
		};
		D96642AF282AF2C6002F6D6D /* Debug */ = {
			isa = XCBuildConfiguration;
			buildSettings = {
				ASSETCATALOG_COMPILER_APPICON_NAME = AppIcon;
				ASSETCATALOG_COMPILER_GLOBAL_ACCENT_COLOR_NAME = AccentColor;
				CODE_SIGN_STYLE = Automatic;
				CURRENT_PROJECT_VERSION = 1;
				GENERATE_INFOPLIST_FILE = YES;
				INFOPLIST_FILE = "Assignment 5/Info.plist";
				INFOPLIST_KEY_UIApplicationSupportsIndirectInputEvents = YES;
				INFOPLIST_KEY_UILaunchStoryboardName = LaunchScreen;
				INFOPLIST_KEY_UISupportedInterfaceOrientations_iPad = "UIInterfaceOrientationPortrait UIInterfaceOrientationPortraitUpsideDown UIInterfaceOrientationLandscapeLeft UIInterfaceOrientationLandscapeRight";
				INFOPLIST_KEY_UISupportedInterfaceOrientations_iPhone = "UIInterfaceOrientationPortrait UIInterfaceOrientationLandscapeLeft UIInterfaceOrientationLandscapeRight";
				LD_RUNPATH_SEARCH_PATHS = (
					"$(inherited)",
					"@executable_path/Frameworks",
				);
				MARKETING_VERSION = 1.0;
				PRODUCT_BUNDLE_IDENTIFIER = "com.example.Assignment-5";
				PRODUCT_NAME = "$(TARGET_NAME)";
				SWIFT_EMIT_LOC_STRINGS = YES;
				SWIFT_VERSION = 5.0;
				TARGETED_DEVICE_FAMILY = "1,2";
			};
			name = Debug;
		};
		D96642B0282AF2C6002F6D6D /* Release */ = {
			isa = XCBuildConfiguration;
			buildSettings = {
				ASSETCATALOG_COMPILER_APPICON_NAME = AppIcon;
				ASSETCATALOG_COMPILER_GLOBAL_ACCENT_COLOR_NAME = AccentColor;
				CODE_SIGN_STYLE = Automatic;
				CURRENT_PROJECT_VERSION = 1;
				GENERATE_INFOPLIST_FILE = YES;
				INFOPLIST_FILE = "Assignment 5/Info.plist";
				INFOPLIST_KEY_UIApplicationSupportsIndirectInputEvents = YES;
				INFOPLIST_KEY_UILaunchStoryboardName = LaunchScreen;
				INFOPLIST_KEY_UISupportedInterfaceOrientations_iPad = "UIInterfaceOrientationPortrait UIInterfaceOrientationPortraitUpsideDown UIInterfaceOrientationLandscapeLeft UIInterfaceOrientationLandscapeRight";
				INFOPLIST_KEY_UISupportedInterfaceOrientations_iPhone = "UIInterfaceOrientationPortrait UIInterfaceOrientationLandscapeLeft UIInterfaceOrientationLandscapeRight";
				LD_RUNPATH_SEARCH_PATHS = (
					"$(inherited)",
					"@executable_path/Frameworks",
				);
				MARKETING_VERSION = 1.0;
				PRODUCT_BUNDLE_IDENTIFIER = "com.example.Assignment-5";
				PRODUCT_NAME = "$(TARGET_NAME)";
				SWIFT_EMIT_LOC_STRINGS = YES;
				SWIFT_VERSION = 5.0;
				TARGETED_DEVICE_FAMILY = "1,2";
			};
			name = Release;
		};
/* End XCBuildConfiguration section */

/* Begin XCConfigurationList section */
		D9664295282AF2C4002F6D6D /* Build configuration list for PBXProject "Assignment 5" */ = {
			isa = XCConfigurationList;
			buildConfigurations = (
				D96642AC282AF2C6002F6D6D /* Debug */,
				D96642AD282AF2C6002F6D6D /* Release */,
			);
			defaultConfigurationIsVisible = 0;
			defaultConfigurationName = Release;
		};
		D96642AE282AF2C6002F6D6D /* Build configuration list for PBXNativeTarget "Assignment 5" */ = {
			isa = XCConfigurationList;
			buildConfigurations = (
				D96642AF282AF2C6002F6D6D /* Debug */,
				D96642B0282AF2C6002F6D6D /* Release */,
			);
			defaultConfigurationIsVisible = 0;
			defaultConfigurationName = Release;
		};
/* End XCConfigurationList section */
	};
	rootObject = D9664292282AF2C4002F6D6D /* Project object */;
}
